
Microsoft Visual Studio Solution File, Format Version 10.00
# Visual Studio 2008
Project("{FAE04EC0-301F-11D3-BF4B-00C04F79EFBC}") = "cwrss", "cwrss\cwrss.csproj", "{53583151-029E-4FA8-9EEA-9CF0366D5DC7}"
EndProject
Project("{FAE04EC0-301F-11D3-BF4B-00C04F79EFBC}") = "morse", "morse\morse.csproj", "{96FA3C3F-629B-489B-B451-7C64CF3FD6C5}"
EndProject
Project("{FAE04EC0-301F-11D3-BF4B-00C04F79EFBC}") = "test", "test\test.csproj", "{023EB4D1-1CCB-4E52-9CAD-0644582E1FFB}"
EndProject
Project("{FAE04EC0-301F-11D3-BF4B-00C04F79EFBC}") = "cwcom", "cwcom\cwcom.csproj", "{3EAF7290-9086-4519-ABA7-8184FB3E92F0}"
EndProject
Project("{FAE04EC0-301F-11D3-BF4B-00C04F79EFBC}") = "ionosphere", "ionosphere\ionosphere.csproj", "{49C57342-76E4-43DC-BBC4-A150EB2D0D57}"
EndProject
Project("{FAE04EC0-301F-11D3-BF4B-00C04F79EFBC}") = "locrss", "locrss\locrss.csproj", "{E4570459-2DF3-415D-B99D-A5C82C0972B9}"
EndProject
Project("{FAE04EC0-301F-11D3-BF4B-00C04F79EFBC}") = "locrssnodx", "locrss\locrssnodx.csproj", "{E22C29AA-5AE2-41CB-BDB2-6F9E18AA955B}"
EndProject
Global
	GlobalSection(SolutionConfigurationPlatforms) = preSolution
		Debug|Any CPU = Debug|Any CPU
		Debug-Mono|Any CPU = Debug-Mono|Any CPU
		Release|Any CPU = Release|Any CPU
		Release-Mono|Any CPU = Release-Mono|Any CPU
	EndGlobalSection
	GlobalSection(ProjectConfigurationPlatforms) = postSolution
		{53583151-029E-4FA8-9EEA-9CF0366D5DC7}.Debug|Any CPU.ActiveCfg = Debug|Any CPU
		{53583151-029E-4FA8-9EEA-9CF0366D5DC7}.Debug|Any CPU.Build.0 = Debug|Any CPU
		{53583151-029E-4FA8-9EEA-9CF0366D5DC7}.Debug-Mono|Any CPU.ActiveCfg = Debug-Mono|Any CPU
		{53583151-029E-4FA8-9EEA-9CF0366D5DC7}.Debug-Mono|Any CPU.Build.0 = Debug-Mono|Any CPU
		{53583151-029E-4FA8-9EEA-9CF0366D5DC7}.Release|Any CPU.ActiveCfg = Release|Any CPU
		{53583151-029E-4FA8-9EEA-9CF0366D5DC7}.Release|Any CPU.Build.0 = Release|Any CPU
		{53583151-029E-4FA8-9EEA-9CF0366D5DC7}.Release-Mono|Any CPU.ActiveCfg = Release-Mono|Any CPU
		{53583151-029E-4FA8-9EEA-9CF0366D5DC7}.Release-Mono|Any CPU.Build.0 = Release-Mono|Any CPU
		{96FA3C3F-629B-489B-B451-7C64CF3FD6C5}.Debug|Any CPU.ActiveCfg = Debug|Any CPU
		{96FA3C3F-629B-489B-B451-7C64CF3FD6C5}.Debug|Any CPU.Build.0 = Debug|Any CPU
		{96FA3C3F-629B-489B-B451-7C64CF3FD6C5}.Debug-Mono|Any CPU.ActiveCfg = Debug-Mono|Any CPU
		{96FA3C3F-629B-489B-B451-7C64CF3FD6C5}.Debug-Mono|Any CPU.Build.0 = Debug-Mono|Any CPU
		{96FA3C3F-629B-489B-B451-7C64CF3FD6C5}.Release|Any CPU.ActiveCfg = Release|Any CPU
		{96FA3C3F-629B-489B-B451-7C64CF3FD6C5}.Release|Any CPU.Build.0 = Release|Any CPU
		{96FA3C3F-629B-489B-B451-7C64CF3FD6C5}.Release-Mono|Any CPU.ActiveCfg = Release-Mono|Any CPU
		{96FA3C3F-629B-489B-B451-7C64CF3FD6C5}.Release-Mono|Any CPU.Build.0 = Release-Mono|Any CPU
		{023EB4D1-1CCB-4E52-9CAD-0644582E1FFB}.Debug|Any CPU.ActiveCfg = Debug|Any CPU
		{023EB4D1-1CCB-4E52-9CAD-0644582E1FFB}.Debug|Any CPU.Build.0 = Debug|Any CPU
		{023EB4D1-1CCB-4E52-9CAD-0644582E1FFB}.Debug-Mono|Any CPU.ActiveCfg = Debug-Mono|Any CPU
		{023EB4D1-1CCB-4E52-9CAD-0644582E1FFB}.Release|Any CPU.ActiveCfg = Release|Any CPU
		{023EB4D1-1CCB-4E52-9CAD-0644582E1FFB}.Release|Any CPU.Build.0 = Release|Any CPU
		{023EB4D1-1CCB-4E52-9CAD-0644582E1FFB}.Release-Mono|Any CPU.ActiveCfg = Release-Mono|Any CPU
		{3EAF7290-9086-4519-ABA7-8184FB3E92F0}.Debug|Any CPU.ActiveCfg = Debug|Any CPU
		{3EAF7290-9086-4519-ABA7-8184FB3E92F0}.Debug|Any CPU.Build.0 = Debug|Any CPU
		{3EAF7290-9086-4519-ABA7-8184FB3E92F0}.Debug-Mono|Any CPU.ActiveCfg = Debug-Mono|Any CPU
		{3EAF7290-9086-4519-ABA7-8184FB3E92F0}.Debug-Mono|Any CPU.Build.0 = Debug-Mono|Any CPU
		{3EAF7290-9086-4519-ABA7-8184FB3E92F0}.Release|Any CPU.ActiveCfg = Release|Any CPU
		{3EAF7290-9086-4519-ABA7-8184FB3E92F0}.Release|Any CPU.Build.0 = Release|Any CPU
		{3EAF7290-9086-4519-ABA7-8184FB3E92F0}.Release-Mono|Any CPU.ActiveCfg = Release-Mono|Any CPU
		{3EAF7290-9086-4519-ABA7-8184FB3E92F0}.Release-Mono|Any CPU.Build.0 = Release-Mono|Any CPU
		{49C57342-76E4-43DC-BBC4-A150EB2D0D57}.Debug|Any CPU.ActiveCfg = Debug|Any CPU
		{49C57342-76E4-43DC-BBC4-A150EB2D0D57}.Debug|Any CPU.Build.0 = Debug|Any CPU
		{49C57342-76E4-43DC-BBC4-A150EB2D0D57}.Debug-Mono|Any CPU.ActiveCfg = Debug-Mono|Any CPU
		{49C57342-76E4-43DC-BBC4-A150EB2D0D57}.Debug-Mono|Any CPU.Build.0 = Debug-Mono|Any CPU
		{49C57342-76E4-43DC-BBC4-A150EB2D0D57}.Release|Any CPU.ActiveCfg = Release|Any CPU
		{49C57342-76E4-43DC-BBC4-A150EB2D0D57}.Release|Any CPU.Build.0 = Release|Any CPU
		{49C57342-76E4-43DC-BBC4-A150EB2D0D57}.Release-Mono|Any CPU.ActiveCfg = Release-Mono|Any CPU
		{49C57342-76E4-43DC-BBC4-A150EB2D0D57}.Release-Mono|Any CPU.Build.0 = Release-Mono|Any CPU
		{E4570459-2DF3-415D-B99D-A5C82C0972B9}.Debug|Any CPU.ActiveCfg = Debug|Any CPU
		{E4570459-2DF3-415D-B99D-A5C82C0972B9}.Debug|Any CPU.Build.0 = Debug|Any CPU
		{E4570459-2DF3-415D-B99D-A5C82C0972B9}.Debug-Mono|Any CPU.ActiveCfg = Debug|Any CPU
		{E4570459-2DF3-415D-B99D-A5C82C0972B9}.Debug-Mono|Any CPU.Build.0 = Debug|Any CPU
		{E4570459-2DF3-415D-B99D-A5C82C0972B9}.Release|Any CPU.ActiveCfg = Release|Any CPU
		{E4570459-2DF3-415D-B99D-A5C82C0972B9}.Release|Any CPU.Build.0 = Release|Any CPU
		{E4570459-2DF3-415D-B99D-A5C82C0972B9}.Release-Mono|Any CPU.ActiveCfg = Release|Any CPU
		{E4570459-2DF3-415D-B99D-A5C82C0972B9}.Release-Mono|Any CPU.Build.0 = Release|Any CPU
		{E22C29AA-5AE2-41CB-BDB2-6F9E18AA955B}.Debug|Any CPU.ActiveCfg = Debug|Any CPU
		{E22C29AA-5AE2-41CB-BDB2-6F9E18AA955B}.Debug|Any CPU.Build.0 = Debug|Any CPU
		{E22C29AA-5AE2-41CB-BDB2-6F9E18AA955B}.Debug-Mono|Any CPU.ActiveCfg = Debug-Mono|Any CPU
		{E22C29AA-5AE2-41CB-BDB2-6F9E18AA955B}.Debug-Mono|Any CPU.Build.0 = Debug-Mono|Any CPU
		{E22C29AA-5AE2-41CB-BDB2-6F9E18AA955B}.Release|Any CPU.ActiveCfg = Release|Any CPU
		{E22C29AA-5AE2-41CB-BDB2-6F9E18AA955B}.Release|Any CPU.Build.0 = Release|Any CPU
		{E22C29AA-5AE2-41CB-BDB2-6F9E18AA955B}.Release-Mono|Any CPU.ActiveCfg = Release-Mono|Any CPU
		{E22C29AA-5AE2-41CB-BDB2-6F9E18AA955B}.Release-Mono|Any CPU.Build.0 = Release-Mono|Any CPU
	EndGlobalSection
	GlobalSection(SolutionProperties) = preSolution
		HideSolutionNode = FALSE
	EndGlobalSection
EndGlobal
