
Microsoft Visual Studio Solution File, Format Version 10.00
# Visual Studio 2008
Project("{FAE04EC0-301F-11D3-BF4B-00C04F79EFBC}") = "cwrss", "cwrss\cwrss.csproj", "{53583151-029E-4FA8-9EEA-9CF0366D5DC7}"
EndProject
Project("{FAE04EC0-301F-11D3-BF4B-00C04F79EFBC}") = "morse", "morse\morse.csproj", "{96FA3C3F-629B-489B-B451-7C64CF3FD6C5}"
EndProject
Project("{FAE04EC0-301F-11D3-BF4B-00C04F79EFBC}") = "test", "test\test.csproj", "{023EB4D1-1CCB-4E52-9CAD-0644582E1FFB}"
EndProject
Project("{FAE04EC0-301F-11D3-BF4B-00C04F79EFBC}") = "cwcom", "cwcom\cwcom.csproj", "{3EAF7290-9086-4519-ABA7-8184FB3E92F0}"
EndProject
Project("{FAE04EC0-301F-11D3-BF4B-00C04F79EFBC}") = "ionosphere", "ionosphere\ionosphere.csproj", "{49C57342-76E4-43DC-BBC4-A150EB2D0D57}"
EndProject
Project("{FAE04EC0-301F-11D3-BF4B-00C04F79EFBC}") = "locrss", "locrss\locrss.csproj", "{E4570459-2DF3-415D-B99D-A5C82C0972B9}"
EndProject
Project("{FAE04EC0-301F-11D3-BF4B-00C04F79EFBC}") = "dxsound", "dxsound\dxsound.csproj", "{3C6C71E0-479F-402C-A84D-3002B11AC7B9}"
EndProject
Project("{FAE04EC0-301F-11D3-BF4B-00C04F79EFBC}") = "soundinterfaces", "soundinterfaces\soundinterfaces.csproj", "{CBA089A4-5496-408E-B49C-AA2852056F03}"
EndProject
Project("{FAE04EC0-301F-11D3-BF4B-00C04F79EFBC}") = "spsound", "spsound\spsound.csproj", "{2C90B27A-9160-488B-A2A8-E40DEF101B28}"
EndProject
Project("{2150E333-8FDC-42A3-9474-1A3956D46DE8}") = "Orig Sounds", "Orig Sounds", "{2AC39F38-4FE4-4F52-B11A-BEC22EBAC884}"
	ProjectSection(SolutionItems) = preProject
		Orig Sounds\Clack 1.wav = Orig Sounds\Clack 1.wav
		Orig Sounds\Clack 2.wav = Orig Sounds\Clack 2.wav
		Orig Sounds\Clack 3.wav = Orig Sounds\Clack 3.wav
		Orig Sounds\Clack 4.wav = Orig Sounds\Clack 4.wav
		Orig Sounds\Clack 5.wav = Orig Sounds\Clack 5.wav
		Orig Sounds\Clack 6.wav = Orig Sounds\Clack 6.wav
		Orig Sounds\Clack 7.wav = Orig Sounds\Clack 7.wav
		Orig Sounds\Click 1.wav = Orig Sounds\Click 1.wav
		Orig Sounds\Click 2.wav = Orig Sounds\Click 2.wav
		Orig Sounds\Click 3.wav = Orig Sounds\Click 3.wav
		Orig Sounds\Click 4.wav = Orig Sounds\Click 4.wav
		Orig Sounds\Click 5.wav = Orig Sounds\Click 5.wav
		Orig Sounds\Click 6.wav = Orig Sounds\Click 6.wav
		Orig Sounds\Click 7.wav = Orig Sounds\Click 7.wav
	EndProjectSection
EndProject
Project("{2150E333-8FDC-42A3-9474-1A3956D46DE8}") = "Sounds", "Sounds", "{F259F085-B2A0-4B80-89DC-DA163927D8A6}"
	ProjectSection(SolutionItems) = preProject
		Sounds\Clack 1.wav = Sounds\Clack 1.wav
		Sounds\Clack 2.wav = Sounds\Clack 2.wav
		Sounds\Clack 3.wav = Sounds\Clack 3.wav
		Sounds\Clack 4.wav = Sounds\Clack 4.wav
		Sounds\Clack 5.wav = Sounds\Clack 5.wav
		Sounds\Clack 6.wav = Sounds\Clack 6.wav
		Sounds\Clack 7.wav = Sounds\Clack 7.wav
		Sounds\Click 1.wav = Sounds\Click 1.wav
		Sounds\Click 2.wav = Sounds\Click 2.wav
		Sounds\Click 3.wav = Sounds\Click 3.wav
		Sounds\Click 4.wav = Sounds\Click 4.wav
		Sounds\Click 5.wav = Sounds\Click 5.wav
		Sounds\Click 6.wav = Sounds\Click 6.wav
		Sounds\Click 7.wav = Sounds\Click 7.wav
		Sounds\Spark 1.wav = Sounds\Spark 1.wav
		Sounds\Spark 2.wav = Sounds\Spark 2.wav
		Sounds\Spark 3.wav = Sounds\Spark 3.wav
		Sounds\Spark 4.wav = Sounds\Spark 4.wav
	EndProjectSection
EndProject
Project("{FAE04EC0-301F-11D3-BF4B-00C04F79EFBC}") = "precisedelay", "precisedelay\precisedelay.csproj", "{05188BFB-24A4-4B47-909E-7E7F035082A9}"
EndProject
Project("{FAE04EC0-301F-11D3-BF4B-00C04F79EFBC}") = "comportctrl", "comportctrl\comportctrl.csproj", "{AAE2923E-38E5-4C48-BA2D-3CA23B1717E2}"
EndProject
Project("{FAE04EC0-301F-11D3-BF4B-00C04F79EFBC}") = "keyer", "keyer\keyer.csproj", "{AC6C64FC-4A3A-4A7E-9C19-4322C22A7BDD}"
EndProject
Project("{FAE04EC0-301F-11D3-BF4B-00C04F79EFBC}") = "iambickeyer", "iambickeyer\iambickeyer.csproj", "{8ADD44A3-3786-426A-B94D-89E4D9C88DDC}"
EndProject
Project("{F184B08F-C81C-45F6-A57F-5ABD9991F28F}") = "TwitterVB", "twittervb\TwitterVB.vbproj", "{E3C24619-5F3A-4903-87B6-8E3DB1F1F219}"
EndProject
Global
	GlobalSection(SolutionConfigurationPlatforms) = preSolution
		Debug|Any CPU = Debug|Any CPU
		Release|Any CPU = Release|Any CPU
	EndGlobalSection
	GlobalSection(ProjectConfigurationPlatforms) = postSolution
		{53583151-029E-4FA8-9EEA-9CF0366D5DC7}.Debug|Any CPU.ActiveCfg = Debug|Any CPU
		{53583151-029E-4FA8-9EEA-9CF0366D5DC7}.Debug|Any CPU.Build.0 = Debug|Any CPU
		{53583151-029E-4FA8-9EEA-9CF0366D5DC7}.Release|Any CPU.ActiveCfg = Release|Any CPU
		{53583151-029E-4FA8-9EEA-9CF0366D5DC7}.Release|Any CPU.Build.0 = Release|Any CPU
		{96FA3C3F-629B-489B-B451-7C64CF3FD6C5}.Debug|Any CPU.ActiveCfg = Debug|Any CPU
		{96FA3C3F-629B-489B-B451-7C64CF3FD6C5}.Debug|Any CPU.Build.0 = Debug|Any CPU
		{96FA3C3F-629B-489B-B451-7C64CF3FD6C5}.Release|Any CPU.ActiveCfg = Release|Any CPU
		{96FA3C3F-629B-489B-B451-7C64CF3FD6C5}.Release|Any CPU.Build.0 = Release|Any CPU
		{023EB4D1-1CCB-4E52-9CAD-0644582E1FFB}.Debug|Any CPU.ActiveCfg = Debug|Any CPU
		{023EB4D1-1CCB-4E52-9CAD-0644582E1FFB}.Debug|Any CPU.Build.0 = Debug|Any CPU
		{023EB4D1-1CCB-4E52-9CAD-0644582E1FFB}.Release|Any CPU.ActiveCfg = Release|Any CPU
		{023EB4D1-1CCB-4E52-9CAD-0644582E1FFB}.Release|Any CPU.Build.0 = Release|Any CPU
		{3EAF7290-9086-4519-ABA7-8184FB3E92F0}.Debug|Any CPU.ActiveCfg = Debug|Any CPU
		{3EAF7290-9086-4519-ABA7-8184FB3E92F0}.Debug|Any CPU.Build.0 = Debug|Any CPU
		{3EAF7290-9086-4519-ABA7-8184FB3E92F0}.Release|Any CPU.ActiveCfg = Release|Any CPU
		{3EAF7290-9086-4519-ABA7-8184FB3E92F0}.Release|Any CPU.Build.0 = Release|Any CPU
		{49C57342-76E4-43DC-BBC4-A150EB2D0D57}.Debug|Any CPU.ActiveCfg = Debug|Any CPU
		{49C57342-76E4-43DC-BBC4-A150EB2D0D57}.Debug|Any CPU.Build.0 = Debug|Any CPU
		{49C57342-76E4-43DC-BBC4-A150EB2D0D57}.Release|Any CPU.ActiveCfg = Release|Any CPU
		{49C57342-76E4-43DC-BBC4-A150EB2D0D57}.Release|Any CPU.Build.0 = Release|Any CPU
		{E4570459-2DF3-415D-B99D-A5C82C0972B9}.Debug|Any CPU.ActiveCfg = Debug|Any CPU
		{E4570459-2DF3-415D-B99D-A5C82C0972B9}.Debug|Any CPU.Build.0 = Debug|Any CPU
		{E4570459-2DF3-415D-B99D-A5C82C0972B9}.Release|Any CPU.ActiveCfg = Release|Any CPU
		{E4570459-2DF3-415D-B99D-A5C82C0972B9}.Release|Any CPU.Build.0 = Release|Any CPU
		{3C6C71E0-479F-402C-A84D-3002B11AC7B9}.Debug|Any CPU.ActiveCfg = Debug|Any CPU
		{3C6C71E0-479F-402C-A84D-3002B11AC7B9}.Debug|Any CPU.Build.0 = Debug|Any CPU
		{3C6C71E0-479F-402C-A84D-3002B11AC7B9}.Release|Any CPU.ActiveCfg = Release|Any CPU
		{3C6C71E0-479F-402C-A84D-3002B11AC7B9}.Release|Any CPU.Build.0 = Release|Any CPU
		{CBA089A4-5496-408E-B49C-AA2852056F03}.Debug|Any CPU.ActiveCfg = Debug|Any CPU
		{CBA089A4-5496-408E-B49C-AA2852056F03}.Debug|Any CPU.Build.0 = Debug|Any CPU
		{CBA089A4-5496-408E-B49C-AA2852056F03}.Release|Any CPU.ActiveCfg = Release|Any CPU
		{CBA089A4-5496-408E-B49C-AA2852056F03}.Release|Any CPU.Build.0 = Release|Any CPU
		{2C90B27A-9160-488B-A2A8-E40DEF101B28}.Debug|Any CPU.ActiveCfg = Debug|Any CPU
		{2C90B27A-9160-488B-A2A8-E40DEF101B28}.Debug|Any CPU.Build.0 = Debug|Any CPU
		{2C90B27A-9160-488B-A2A8-E40DEF101B28}.Release|Any CPU.ActiveCfg = Release|Any CPU
		{2C90B27A-9160-488B-A2A8-E40DEF101B28}.Release|Any CPU.Build.0 = Release|Any CPU
		{05188BFB-24A4-4B47-909E-7E7F035082A9}.Debug|Any CPU.ActiveCfg = Debug|Any CPU
		{05188BFB-24A4-4B47-909E-7E7F035082A9}.Debug|Any CPU.Build.0 = Debug|Any CPU
		{05188BFB-24A4-4B47-909E-7E7F035082A9}.Release|Any CPU.ActiveCfg = Release|Any CPU
		{05188BFB-24A4-4B47-909E-7E7F035082A9}.Release|Any CPU.Build.0 = Release|Any CPU
		{AAE2923E-38E5-4C48-BA2D-3CA23B1717E2}.Debug|Any CPU.ActiveCfg = Debug|Any CPU
		{AAE2923E-38E5-4C48-BA2D-3CA23B1717E2}.Debug|Any CPU.Build.0 = Debug|Any CPU
		{AAE2923E-38E5-4C48-BA2D-3CA23B1717E2}.Release|Any CPU.ActiveCfg = Release|Any CPU
		{AAE2923E-38E5-4C48-BA2D-3CA23B1717E2}.Release|Any CPU.Build.0 = Release|Any CPU
		{AC6C64FC-4A3A-4A7E-9C19-4322C22A7BDD}.Debug|Any CPU.ActiveCfg = Debug|Any CPU
		{AC6C64FC-4A3A-4A7E-9C19-4322C22A7BDD}.Debug|Any CPU.Build.0 = Debug|Any CPU
		{AC6C64FC-4A3A-4A7E-9C19-4322C22A7BDD}.Release|Any CPU.ActiveCfg = Release|Any CPU
		{AC6C64FC-4A3A-4A7E-9C19-4322C22A7BDD}.Release|Any CPU.Build.0 = Release|Any CPU
		{8ADD44A3-3786-426A-B94D-89E4D9C88DDC}.Debug|Any CPU.ActiveCfg = Debug|Any CPU
		{8ADD44A3-3786-426A-B94D-89E4D9C88DDC}.Debug|Any CPU.Build.0 = Debug|Any CPU
		{8ADD44A3-3786-426A-B94D-89E4D9C88DDC}.Release|Any CPU.ActiveCfg = Release|Any CPU
		{8ADD44A3-3786-426A-B94D-89E4D9C88DDC}.Release|Any CPU.Build.0 = Release|Any CPU
		{E3C24619-5F3A-4903-87B6-8E3DB1F1F219}.Debug|Any CPU.ActiveCfg = Debug|Any CPU
		{E3C24619-5F3A-4903-87B6-8E3DB1F1F219}.Debug|Any CPU.Build.0 = Debug|Any CPU
		{E3C24619-5F3A-4903-87B6-8E3DB1F1F219}.Release|Any CPU.ActiveCfg = Release|Any CPU
		{E3C24619-5F3A-4903-87B6-8E3DB1F1F219}.Release|Any CPU.Build.0 = Release|Any CPU
	EndGlobalSection
	GlobalSection(SolutionProperties) = preSolution
		HideSolutionNode = FALSE
	EndGlobalSection
EndGlobal
